// !$*UTF8*$!
{
	archiveVersion = 1;
	classes = {
	};
	objectVersion = 46;
	objects = {

/* Begin PBXBuildFile section */
		156380A314F98B1700D683E0 /* CFNetwork.framework in Frameworks */ = {isa = PBXBuildFile; fileRef = 156380A214F98B1700D683E0 /* CFNetwork.framework */; };
		156380A614F98B2100D683E0 /* Security.framework in Frameworks */ = {isa = PBXBuildFile; fileRef = 156380A514F98B2100D683E0 /* Security.framework */; };
		15A9BA7414F9B8C500B72A35 /* base64.c in Sources */ = {isa = PBXBuildFile; fileRef = 15A9BA6D14F9B8C500B72A35 /* base64.c */; };
		15A9BA7514F9B8C500B72A35 /* NSData+SRB64Additions.m in Sources */ = {isa = PBXBuildFile; fileRef = 15A9BA7014F9B8C500B72A35 /* NSData+SRB64Additions.m */; };
		15A9BA7614F9B8C500B72A35 /* SRWebSocket.m in Sources */ = {isa = PBXBuildFile; fileRef = 15A9BA7314F9B8C500B72A35 /* SRWebSocket.m */; };
		15B1384014F9C3CD00592D6A /* NSObject+SBJson.m in Sources */ = {isa = PBXBuildFile; fileRef = 15B1382814F9C3CD00592D6A /* NSObject+SBJson.m */; };
		15B1384114F9C3CD00592D6A /* SBJsonParser.m in Sources */ = {isa = PBXBuildFile; fileRef = 15B1382B14F9C3CD00592D6A /* SBJsonParser.m */; };
		15B1384214F9C3CD00592D6A /* SBJsonStreamParser.m in Sources */ = {isa = PBXBuildFile; fileRef = 15B1382D14F9C3CD00592D6A /* SBJsonStreamParser.m */; };
		15B1384314F9C3CD00592D6A /* SBJsonStreamParserAccumulator.m in Sources */ = {isa = PBXBuildFile; fileRef = 15B1382F14F9C3CD00592D6A /* SBJsonStreamParserAccumulator.m */; };
		15B1384414F9C3CD00592D6A /* SBJsonStreamParserAdapter.m in Sources */ = {isa = PBXBuildFile; fileRef = 15B1383114F9C3CD00592D6A /* SBJsonStreamParserAdapter.m */; };
		15B1384514F9C3CD00592D6A /* SBJsonStreamParserState.m in Sources */ = {isa = PBXBuildFile; fileRef = 15B1383314F9C3CD00592D6A /* SBJsonStreamParserState.m */; };
		15B1384614F9C3CD00592D6A /* SBJsonStreamWriter.m in Sources */ = {isa = PBXBuildFile; fileRef = 15B1383514F9C3CD00592D6A /* SBJsonStreamWriter.m */; };
		15B1384714F9C3CD00592D6A /* SBJsonStreamWriterAccumulator.m in Sources */ = {isa = PBXBuildFile; fileRef = 15B1383714F9C3CD00592D6A /* SBJsonStreamWriterAccumulator.m */; };
		15B1384814F9C3CD00592D6A /* SBJsonStreamWriterState.m in Sources */ = {isa = PBXBuildFile; fileRef = 15B1383914F9C3CD00592D6A /* SBJsonStreamWriterState.m */; };
		15B1384914F9C3CD00592D6A /* SBJsonTokeniser.m in Sources */ = {isa = PBXBuildFile; fileRef = 15B1383B14F9C3CD00592D6A /* SBJsonTokeniser.m */; };
		15B1384A14F9C3CD00592D6A /* SBJsonUTF8Stream.m in Sources */ = {isa = PBXBuildFile; fileRef = 15B1383D14F9C3CD00592D6A /* SBJsonUTF8Stream.m */; };
		15B1384B14F9C3CD00592D6A /* SBJsonWriter.m in Sources */ = {isa = PBXBuildFile; fileRef = 15B1383F14F9C3CD00592D6A /* SBJsonWriter.m */; };
		15B20D3314F9A6F800F065B0 /* libicucore.dylib in Frameworks */ = {isa = PBXBuildFile; fileRef = 15B20D3214F9A6F800F065B0 /* libicucore.dylib */; };
		15B32CBA14F92EE90006FEF9 /* UIKit.framework in Frameworks */ = {isa = PBXBuildFile; fileRef = 15B32CB914F92EE90006FEF9 /* UIKit.framework */; };
		15B32CBC14F92EE90006FEF9 /* Foundation.framework in Frameworks */ = {isa = PBXBuildFile; fileRef = 15B32CBB14F92EE90006FEF9 /* Foundation.framework */; };
		15B32CBE14F92EE90006FEF9 /* CoreGraphics.framework in Frameworks */ = {isa = PBXBuildFile; fileRef = 15B32CBD14F92EE90006FEF9 /* CoreGraphics.framework */; };
		15B32CC414F92EE90006FEF9 /* InfoPlist.strings in Resources */ = {isa = PBXBuildFile; fileRef = 15B32CC214F92EE90006FEF9 /* InfoPlist.strings */; };
		15B32CC614F92EE90006FEF9 /* main.m in Sources */ = {isa = PBXBuildFile; fileRef = 15B32CC514F92EE90006FEF9 /* main.m */; };
		15B32CCA14F92EE90006FEF9 /* AppDelegate.m in Sources */ = {isa = PBXBuildFile; fileRef = 15B32CC914F92EE90006FEF9 /* AppDelegate.m */; };
		15B32CCD14F92EE90006FEF9 /* MainStoryboard_iPhone.storyboard in Resources */ = {isa = PBXBuildFile; fileRef = 15B32CCB14F92EE90006FEF9 /* MainStoryboard_iPhone.storyboard */; };
		15B32CD014F92EE90006FEF9 /* MainStoryboard_iPad.storyboard in Resources */ = {isa = PBXBuildFile; fileRef = 15B32CCE14F92EE90006FEF9 /* MainStoryboard_iPad.storyboard */; };
		15B32CD314F92EE90006FEF9 /* HomeViewController.m in Sources */ = {isa = PBXBuildFile; fileRef = 15B32CD214F92EE90006FEF9 /* HomeViewController.m */; };
		15B32CD514F92EE90006FEF9 /* first.png in Resources */ = {isa = PBXBuildFile; fileRef = 15B32CD414F92EE90006FEF9 /* first.png */; };
		15B32CD714F92EE90006FEF9 /* first@2x.png in Resources */ = {isa = PBXBuildFile; fileRef = 15B32CD614F92EE90006FEF9 /* first@2x.png */; };
		15B32CDC14F92EE90006FEF9 /* second.png in Resources */ = {isa = PBXBuildFile; fileRef = 15B32CDB14F92EE90006FEF9 /* second.png */; };
		15B32CDE14F92EE90006FEF9 /* second@2x.png in Resources */ = {isa = PBXBuildFile; fileRef = 15B32CDD14F92EE90006FEF9 /* second@2x.png */; };
		15B32CE614F92EE90006FEF9 /* SenTestingKit.framework in Frameworks */ = {isa = PBXBuildFile; fileRef = 15B32CE514F92EE90006FEF9 /* SenTestingKit.framework */; };
		15B32CE714F92EE90006FEF9 /* UIKit.framework in Frameworks */ = {isa = PBXBuildFile; fileRef = 15B32CB914F92EE90006FEF9 /* UIKit.framework */; };
		15B32CE814F92EE90006FEF9 /* Foundation.framework in Frameworks */ = {isa = PBXBuildFile; fileRef = 15B32CBB14F92EE90006FEF9 /* Foundation.framework */; };
		15B32CF014F92EE90006FEF9 /* InfoPlist.strings in Resources */ = {isa = PBXBuildFile; fileRef = 15B32CEE14F92EE90006FEF9 /* InfoPlist.strings */; };
		15B32CF314F92EE90006FEF9 /* logorrheaTests.m in Sources */ = {isa = PBXBuildFile; fileRef = 15B32CF214F92EE90006FEF9 /* logorrheaTests.m */; };
		15B32D0914F9356B0006FEF9 /* 09-chat-2.png in Resources */ = {isa = PBXBuildFile; fileRef = 15B32D0814F9356B0006FEF9 /* 09-chat-2.png */; };
		15B32D0C14F935760006FEF9 /* 53-house.png in Resources */ = {isa = PBXBuildFile; fileRef = 15B32D0B14F935760006FEF9 /* 53-house.png */; };
		15B32D1614F93A7B0006FEF9 /* LoginView.m in Sources */ = {isa = PBXBuildFile; fileRef = 15B32D1414F93A7B0006FEF9 /* LoginView.m */; };
		15B32D1914F942470006FEF9 /* 28-star.png in Resources */ = {isa = PBXBuildFile; fileRef = 15B32D1814F942470006FEF9 /* 28-star.png */; };
		15DB5F1814FA445B00AA1DB1 /* ItemViewController.m in Sources */ = {isa = PBXBuildFile; fileRef = 15DB5F1714FA445B00AA1DB1 /* ItemViewController.m */; };
		15DB5F1C14FA44D300AA1DB1 /* TableViewController.m in Sources */ = {isa = PBXBuildFile; fileRef = 15DB5F1B14FA44D300AA1DB1 /* TableViewController.m */; };
		15DB5F2314FA486C00AA1DB1 /* DetailViewController.m in Sources */ = {isa = PBXBuildFile; fileRef = 15DB5F2214FA486C00AA1DB1 /* DetailViewController.m */; };
		15DB5F2A14FA4F7000AA1DB1 /* NewMessageView.m in Sources */ = {isa = PBXBuildFile; fileRef = 15DB5F2914FA4F7000AA1DB1 /* NewMessageView.m */; };
/* End PBXBuildFile section */

/* Begin PBXContainerItemProxy section */
		15B32CE914F92EE90006FEF9 /* PBXContainerItemProxy */ = {
			isa = PBXContainerItemProxy;
			containerPortal = 15B32CAC14F92EE80006FEF9 /* Project object */;
			proxyType = 1;
			remoteGlobalIDString = 15B32CB414F92EE80006FEF9;
			remoteInfo = logorrhea;
		};
/* End PBXContainerItemProxy section */

/* Begin PBXFileReference section */
		156380A214F98B1700D683E0 /* CFNetwork.framework */ = {isa = PBXFileReference; lastKnownFileType = wrapper.framework; name = CFNetwork.framework; path = System/Library/Frameworks/CFNetwork.framework; sourceTree = SDKROOT; };
		156380A514F98B2100D683E0 /* Security.framework */ = {isa = PBXFileReference; lastKnownFileType = wrapper.framework; name = Security.framework; path = System/Library/Frameworks/Security.framework; sourceTree = SDKROOT; };
		15A9BA6D14F9B8C500B72A35 /* base64.c */ = {isa = PBXFileReference; fileEncoding = 4; lastKnownFileType = sourcecode.c.c; path = base64.c; sourceTree = "<group>"; };
		15A9BA6E14F9B8C500B72A35 /* base64.h */ = {isa = PBXFileReference; fileEncoding = 4; lastKnownFileType = sourcecode.c.h; path = base64.h; sourceTree = "<group>"; };
		15A9BA6F14F9B8C500B72A35 /* NSData+SRB64Additions.h */ = {isa = PBXFileReference; fileEncoding = 4; lastKnownFileType = sourcecode.c.h; path = "NSData+SRB64Additions.h"; sourceTree = "<group>"; };
		15A9BA7014F9B8C500B72A35 /* NSData+SRB64Additions.m */ = {isa = PBXFileReference; fileEncoding = 4; lastKnownFileType = sourcecode.c.objc; path = "NSData+SRB64Additions.m"; sourceTree = "<group>"; };
		15A9BA7114F9B8C500B72A35 /* SocketRocket-Prefix.pch */ = {isa = PBXFileReference; fileEncoding = 4; lastKnownFileType = sourcecode.c.h; path = "SocketRocket-Prefix.pch"; sourceTree = "<group>"; };
		15A9BA7214F9B8C500B72A35 /* SRWebSocket.h */ = {isa = PBXFileReference; fileEncoding = 4; lastKnownFileType = sourcecode.c.h; path = SRWebSocket.h; sourceTree = "<group>"; };
		15A9BA7314F9B8C500B72A35 /* SRWebSocket.m */ = {isa = PBXFileReference; fileEncoding = 4; lastKnownFileType = sourcecode.c.objc; path = SRWebSocket.m; sourceTree = "<group>"; };
		15B1382714F9C3CD00592D6A /* NSObject+SBJson.h */ = {isa = PBXFileReference; fileEncoding = 4; lastKnownFileType = sourcecode.c.h; path = "NSObject+SBJson.h"; sourceTree = "<group>"; };
		15B1382814F9C3CD00592D6A /* NSObject+SBJson.m */ = {isa = PBXFileReference; fileEncoding = 4; lastKnownFileType = sourcecode.c.objc; path = "NSObject+SBJson.m"; sourceTree = "<group>"; };
		15B1382914F9C3CD00592D6A /* SBJson.h */ = {isa = PBXFileReference; fileEncoding = 4; lastKnownFileType = sourcecode.c.h; path = SBJson.h; sourceTree = "<group>"; };
		15B1382A14F9C3CD00592D6A /* SBJsonParser.h */ = {isa = PBXFileReference; fileEncoding = 4; lastKnownFileType = sourcecode.c.h; path = SBJsonParser.h; sourceTree = "<group>"; };
		15B1382B14F9C3CD00592D6A /* SBJsonParser.m */ = {isa = PBXFileReference; fileEncoding = 4; lastKnownFileType = sourcecode.c.objc; path = SBJsonParser.m; sourceTree = "<group>"; };
		15B1382C14F9C3CD00592D6A /* SBJsonStreamParser.h */ = {isa = PBXFileReference; fileEncoding = 4; lastKnownFileType = sourcecode.c.h; path = SBJsonStreamParser.h; sourceTree = "<group>"; };
		15B1382D14F9C3CD00592D6A /* SBJsonStreamParser.m */ = {isa = PBXFileReference; fileEncoding = 4; lastKnownFileType = sourcecode.c.objc; path = SBJsonStreamParser.m; sourceTree = "<group>"; };
		15B1382E14F9C3CD00592D6A /* SBJsonStreamParserAccumulator.h */ = {isa = PBXFileReference; fileEncoding = 4; lastKnownFileType = sourcecode.c.h; path = SBJsonStreamParserAccumulator.h; sourceTree = "<group>"; };
		15B1382F14F9C3CD00592D6A /* SBJsonStreamParserAccumulator.m */ = {isa = PBXFileReference; fileEncoding = 4; lastKnownFileType = sourcecode.c.objc; path = SBJsonStreamParserAccumulator.m; sourceTree = "<group>"; };
		15B1383014F9C3CD00592D6A /* SBJsonStreamParserAdapter.h */ = {isa = PBXFileReference; fileEncoding = 4; lastKnownFileType = sourcecode.c.h; path = SBJsonStreamParserAdapter.h; sourceTree = "<group>"; };
		15B1383114F9C3CD00592D6A /* SBJsonStreamParserAdapter.m */ = {isa = PBXFileReference; fileEncoding = 4; lastKnownFileType = sourcecode.c.objc; path = SBJsonStreamParserAdapter.m; sourceTree = "<group>"; };
		15B1383214F9C3CD00592D6A /* SBJsonStreamParserState.h */ = {isa = PBXFileReference; fileEncoding = 4; lastKnownFileType = sourcecode.c.h; path = SBJsonStreamParserState.h; sourceTree = "<group>"; };
		15B1383314F9C3CD00592D6A /* SBJsonStreamParserState.m */ = {isa = PBXFileReference; fileEncoding = 4; lastKnownFileType = sourcecode.c.objc; path = SBJsonStreamParserState.m; sourceTree = "<group>"; };
		15B1383414F9C3CD00592D6A /* SBJsonStreamWriter.h */ = {isa = PBXFileReference; fileEncoding = 4; lastKnownFileType = sourcecode.c.h; path = SBJsonStreamWriter.h; sourceTree = "<group>"; };
		15B1383514F9C3CD00592D6A /* SBJsonStreamWriter.m */ = {isa = PBXFileReference; fileEncoding = 4; lastKnownFileType = sourcecode.c.objc; path = SBJsonStreamWriter.m; sourceTree = "<group>"; };
		15B1383614F9C3CD00592D6A /* SBJsonStreamWriterAccumulator.h */ = {isa = PBXFileReference; fileEncoding = 4; lastKnownFileType = sourcecode.c.h; path = SBJsonStreamWriterAccumulator.h; sourceTree = "<group>"; };
		15B1383714F9C3CD00592D6A /* SBJsonStreamWriterAccumulator.m */ = {isa = PBXFileReference; fileEncoding = 4; lastKnownFileType = sourcecode.c.objc; path = SBJsonStreamWriterAccumulator.m; sourceTree = "<group>"; };
		15B1383814F9C3CD00592D6A /* SBJsonStreamWriterState.h */ = {isa = PBXFileReference; fileEncoding = 4; lastKnownFileType = sourcecode.c.h; path = SBJsonStreamWriterState.h; sourceTree = "<group>"; };
		15B1383914F9C3CD00592D6A /* SBJsonStreamWriterState.m */ = {isa = PBXFileReference; fileEncoding = 4; lastKnownFileType = sourcecode.c.objc; path = SBJsonStreamWriterState.m; sourceTree = "<group>"; };
		15B1383A14F9C3CD00592D6A /* SBJsonTokeniser.h */ = {isa = PBXFileReference; fileEncoding = 4; lastKnownFileType = sourcecode.c.h; path = SBJsonTokeniser.h; sourceTree = "<group>"; };
		15B1383B14F9C3CD00592D6A /* SBJsonTokeniser.m */ = {isa = PBXFileReference; fileEncoding = 4; lastKnownFileType = sourcecode.c.objc; path = SBJsonTokeniser.m; sourceTree = "<group>"; };
		15B1383C14F9C3CD00592D6A /* SBJsonUTF8Stream.h */ = {isa = PBXFileReference; fileEncoding = 4; lastKnownFileType = sourcecode.c.h; path = SBJsonUTF8Stream.h; sourceTree = "<group>"; };
		15B1383D14F9C3CD00592D6A /* SBJsonUTF8Stream.m */ = {isa = PBXFileReference; fileEncoding = 4; lastKnownFileType = sourcecode.c.objc; path = SBJsonUTF8Stream.m; sourceTree = "<group>"; };
		15B1383E14F9C3CD00592D6A /* SBJsonWriter.h */ = {isa = PBXFileReference; fileEncoding = 4; lastKnownFileType = sourcecode.c.h; path = SBJsonWriter.h; sourceTree = "<group>"; };
		15B1383F14F9C3CD00592D6A /* SBJsonWriter.m */ = {isa = PBXFileReference; fileEncoding = 4; lastKnownFileType = sourcecode.c.objc; path = SBJsonWriter.m; sourceTree = "<group>"; };
		15B20D3214F9A6F800F065B0 /* libicucore.dylib */ = {isa = PBXFileReference; lastKnownFileType = "compiled.mach-o.dylib"; name = libicucore.dylib; path = usr/lib/libicucore.dylib; sourceTree = SDKROOT; };
		15B32CB514F92EE90006FEF9 /* logorrhea.app */ = {isa = PBXFileReference; explicitFileType = wrapper.application; includeInIndex = 0; path = logorrhea.app; sourceTree = BUILT_PRODUCTS_DIR; };
		15B32CB914F92EE90006FEF9 /* UIKit.framework */ = {isa = PBXFileReference; lastKnownFileType = wrapper.framework; name = UIKit.framework; path = System/Library/Frameworks/UIKit.framework; sourceTree = SDKROOT; };
		15B32CBB14F92EE90006FEF9 /* Foundation.framework */ = {isa = PBXFileReference; lastKnownFileType = wrapper.framework; name = Foundation.framework; path = System/Library/Frameworks/Foundation.framework; sourceTree = SDKROOT; };
		15B32CBD14F92EE90006FEF9 /* CoreGraphics.framework */ = {isa = PBXFileReference; lastKnownFileType = wrapper.framework; name = CoreGraphics.framework; path = System/Library/Frameworks/CoreGraphics.framework; sourceTree = SDKROOT; };
		15B32CC114F92EE90006FEF9 /* logorrhea-Info.plist */ = {isa = PBXFileReference; lastKnownFileType = text.plist.xml; path = "logorrhea-Info.plist"; sourceTree = "<group>"; };
		15B32CC314F92EE90006FEF9 /* en */ = {isa = PBXFileReference; lastKnownFileType = text.plist.strings; name = en; path = en.lproj/InfoPlist.strings; sourceTree = "<group>"; };
		15B32CC514F92EE90006FEF9 /* main.m */ = {isa = PBXFileReference; lastKnownFileType = sourcecode.c.objc; path = main.m; sourceTree = "<group>"; };
		15B32CC714F92EE90006FEF9 /* logorrhea-Prefix.pch */ = {isa = PBXFileReference; lastKnownFileType = sourcecode.c.h; path = "logorrhea-Prefix.pch"; sourceTree = "<group>"; };
		15B32CC814F92EE90006FEF9 /* AppDelegate.h */ = {isa = PBXFileReference; lastKnownFileType = sourcecode.c.h; path = AppDelegate.h; sourceTree = "<group>"; };
		15B32CC914F92EE90006FEF9 /* AppDelegate.m */ = {isa = PBXFileReference; lastKnownFileType = sourcecode.c.objc; path = AppDelegate.m; sourceTree = "<group>"; };
		15B32CCC14F92EE90006FEF9 /* en */ = {isa = PBXFileReference; lastKnownFileType = file.storyboard; name = en; path = en.lproj/MainStoryboard_iPhone.storyboard; sourceTree = "<group>"; };
		15B32CCF14F92EE90006FEF9 /* en */ = {isa = PBXFileReference; lastKnownFileType = file.storyboard; name = en; path = en.lproj/MainStoryboard_iPad.storyboard; sourceTree = "<group>"; };
		15B32CD114F92EE90006FEF9 /* HomeViewController.h */ = {isa = PBXFileReference; lastKnownFileType = sourcecode.c.h; path = HomeViewController.h; sourceTree = "<group>"; };
		15B32CD214F92EE90006FEF9 /* HomeViewController.m */ = {isa = PBXFileReference; lastKnownFileType = sourcecode.c.objc; path = HomeViewController.m; sourceTree = "<group>"; };
		15B32CD414F92EE90006FEF9 /* first.png */ = {isa = PBXFileReference; lastKnownFileType = image.png; path = first.png; sourceTree = "<group>"; };
		15B32CD614F92EE90006FEF9 /* first@2x.png */ = {isa = PBXFileReference; lastKnownFileType = image.png; path = "first@2x.png"; sourceTree = "<group>"; };
		15B32CDB14F92EE90006FEF9 /* second.png */ = {isa = PBXFileReference; lastKnownFileType = image.png; path = second.png; sourceTree = "<group>"; };
		15B32CDD14F92EE90006FEF9 /* second@2x.png */ = {isa = PBXFileReference; lastKnownFileType = image.png; path = "second@2x.png"; sourceTree = "<group>"; };
		15B32CE414F92EE90006FEF9 /* logorrheaTests.octest */ = {isa = PBXFileReference; explicitFileType = wrapper.cfbundle; includeInIndex = 0; path = logorrheaTests.octest; sourceTree = BUILT_PRODUCTS_DIR; };
		15B32CE514F92EE90006FEF9 /* SenTestingKit.framework */ = {isa = PBXFileReference; lastKnownFileType = wrapper.framework; name = SenTestingKit.framework; path = Library/Frameworks/SenTestingKit.framework; sourceTree = DEVELOPER_DIR; };
		15B32CED14F92EE90006FEF9 /* logorrheaTests-Info.plist */ = {isa = PBXFileReference; lastKnownFileType = text.plist.xml; path = "logorrheaTests-Info.plist"; sourceTree = "<group>"; };
		15B32CEF14F92EE90006FEF9 /* en */ = {isa = PBXFileReference; lastKnownFileType = text.plist.strings; name = en; path = en.lproj/InfoPlist.strings; sourceTree = "<group>"; };
		15B32CF114F92EE90006FEF9 /* logorrheaTests.h */ = {isa = PBXFileReference; lastKnownFileType = sourcecode.c.h; path = logorrheaTests.h; sourceTree = "<group>"; };
		15B32CF214F92EE90006FEF9 /* logorrheaTests.m */ = {isa = PBXFileReference; lastKnownFileType = sourcecode.c.objc; path = logorrheaTests.m; sourceTree = "<group>"; };
		15B32D0814F9356B0006FEF9 /* 09-chat-2.png */ = {isa = PBXFileReference; lastKnownFileType = image.png; path = "09-chat-2.png"; sourceTree = "<group>"; };
		15B32D0B14F935760006FEF9 /* 53-house.png */ = {isa = PBXFileReference; lastKnownFileType = image.png; path = "53-house.png"; sourceTree = "<group>"; };
		15B32D1314F93A7B0006FEF9 /* LoginView.h */ = {isa = PBXFileReference; fileEncoding = 4; lastKnownFileType = sourcecode.c.h; path = LoginView.h; sourceTree = "<group>"; };
		15B32D1414F93A7B0006FEF9 /* LoginView.m */ = {isa = PBXFileReference; fileEncoding = 4; lastKnownFileType = sourcecode.c.objc; path = LoginView.m; sourceTree = "<group>"; };
		15B32D1814F942470006FEF9 /* 28-star.png */ = {isa = PBXFileReference; lastKnownFileType = image.png; path = "28-star.png"; sourceTree = "<group>"; };
		15DB5F1614FA445B00AA1DB1 /* ItemViewController.h */ = {isa = PBXFileReference; fileEncoding = 4; lastKnownFileType = sourcecode.c.h; path = ItemViewController.h; sourceTree = "<group>"; };
		15DB5F1714FA445B00AA1DB1 /* ItemViewController.m */ = {isa = PBXFileReference; fileEncoding = 4; lastKnownFileType = sourcecode.c.objc; path = ItemViewController.m; sourceTree = "<group>"; };
		15DB5F1A14FA44D300AA1DB1 /* TableViewController.h */ = {isa = PBXFileReference; fileEncoding = 4; lastKnownFileType = sourcecode.c.h; path = TableViewController.h; sourceTree = "<group>"; };
		15DB5F1B14FA44D300AA1DB1 /* TableViewController.m */ = {isa = PBXFileReference; fileEncoding = 4; lastKnownFileType = sourcecode.c.objc; path = TableViewController.m; sourceTree = "<group>"; };
		15DB5F2114FA486C00AA1DB1 /* DetailViewController.h */ = {isa = PBXFileReference; fileEncoding = 4; lastKnownFileType = sourcecode.c.h; path = DetailViewController.h; sourceTree = "<group>"; };
		15DB5F2214FA486C00AA1DB1 /* DetailViewController.m */ = {isa = PBXFileReference; fileEncoding = 4; lastKnownFileType = sourcecode.c.objc; path = DetailViewController.m; sourceTree = "<group>"; };
		15DB5F2814FA4F7000AA1DB1 /* NewMessageView.h */ = {isa = PBXFileReference; fileEncoding = 4; lastKnownFileType = sourcecode.c.h; path = NewMessageView.h; sourceTree = "<group>"; };
		15DB5F2914FA4F7000AA1DB1 /* NewMessageView.m */ = {isa = PBXFileReference; fileEncoding = 4; lastKnownFileType = sourcecode.c.objc; path = NewMessageView.m; sourceTree = "<group>"; };
/* End PBXFileReference section */

/* Begin PBXFrameworksBuildPhase section */
		15B32CB214F92EE80006FEF9 /* Frameworks */ = {
			isa = PBXFrameworksBuildPhase;
			buildActionMask = 2147483647;
			files = (
				15B20D3314F9A6F800F065B0 /* libicucore.dylib in Frameworks */,
				15B32CBC14F92EE90006FEF9 /* Foundation.framework in Frameworks */,
				156380A614F98B2100D683E0 /* Security.framework in Frameworks */,
				156380A314F98B1700D683E0 /* CFNetwork.framework in Frameworks */,
				15B32CBA14F92EE90006FEF9 /* UIKit.framework in Frameworks */,
				15B32CBE14F92EE90006FEF9 /* CoreGraphics.framework in Frameworks */,
			);
			runOnlyForDeploymentPostprocessing = 0;
		};
		15B32CE014F92EE90006FEF9 /* Frameworks */ = {
			isa = PBXFrameworksBuildPhase;
			buildActionMask = 2147483647;
			files = (
				15B32CE614F92EE90006FEF9 /* SenTestingKit.framework in Frameworks */,
				15B32CE714F92EE90006FEF9 /* UIKit.framework in Frameworks */,
				15B32CE814F92EE90006FEF9 /* Foundation.framework in Frameworks */,
			);
			runOnlyForDeploymentPostprocessing = 0;
		};
/* End PBXFrameworksBuildPhase section */

/* Begin PBXGroup section */
		15A9BA6C14F9B8C500B72A35 /* SocketRocket */ = {
			isa = PBXGroup;
			children = (
				15A9BA6D14F9B8C500B72A35 /* base64.c */,
				15A9BA6E14F9B8C500B72A35 /* base64.h */,
				15A9BA6F14F9B8C500B72A35 /* NSData+SRB64Additions.h */,
				15A9BA7014F9B8C500B72A35 /* NSData+SRB64Additions.m */,
				15A9BA7114F9B8C500B72A35 /* SocketRocket-Prefix.pch */,
				15A9BA7214F9B8C500B72A35 /* SRWebSocket.h */,
				15A9BA7314F9B8C500B72A35 /* SRWebSocket.m */,
			);
			path = SocketRocket;
			sourceTree = "<group>";
		};
		15B1384C14F9C40700592D6A /* JSON */ = {
			isa = PBXGroup;
			children = (
				15B1382714F9C3CD00592D6A /* NSObject+SBJson.h */,
				15B1382814F9C3CD00592D6A /* NSObject+SBJson.m */,
				15B1382914F9C3CD00592D6A /* SBJson.h */,
				15B1382A14F9C3CD00592D6A /* SBJsonParser.h */,
				15B1382B14F9C3CD00592D6A /* SBJsonParser.m */,
				15B1382C14F9C3CD00592D6A /* SBJsonStreamParser.h */,
				15B1382D14F9C3CD00592D6A /* SBJsonStreamParser.m */,
				15B1382E14F9C3CD00592D6A /* SBJsonStreamParserAccumulator.h */,
				15B1382F14F9C3CD00592D6A /* SBJsonStreamParserAccumulator.m */,
				15B1383014F9C3CD00592D6A /* SBJsonStreamParserAdapter.h */,
				15B1383114F9C3CD00592D6A /* SBJsonStreamParserAdapter.m */,
				15B1383214F9C3CD00592D6A /* SBJsonStreamParserState.h */,
				15B1383314F9C3CD00592D6A /* SBJsonStreamParserState.m */,
				15B1383414F9C3CD00592D6A /* SBJsonStreamWriter.h */,
				15B1383514F9C3CD00592D6A /* SBJsonStreamWriter.m */,
				15B1383614F9C3CD00592D6A /* SBJsonStreamWriterAccumulator.h */,
				15B1383714F9C3CD00592D6A /* SBJsonStreamWriterAccumulator.m */,
				15B1383814F9C3CD00592D6A /* SBJsonStreamWriterState.h */,
				15B1383914F9C3CD00592D6A /* SBJsonStreamWriterState.m */,
				15B1383A14F9C3CD00592D6A /* SBJsonTokeniser.h */,
				15B1383B14F9C3CD00592D6A /* SBJsonTokeniser.m */,
				15B1383C14F9C3CD00592D6A /* SBJsonUTF8Stream.h */,
				15B1383D14F9C3CD00592D6A /* SBJsonUTF8Stream.m */,
				15B1383E14F9C3CD00592D6A /* SBJsonWriter.h */,
				15B1383F14F9C3CD00592D6A /* SBJsonWriter.m */,
			);
			name = JSON;
			sourceTree = "<group>";
		};
		15B32CAA14F92EE80006FEF9 = {
			isa = PBXGroup;
			children = (
				15B1384C14F9C40700592D6A /* JSON */,
				15B20D3214F9A6F800F065B0 /* libicucore.dylib */,
				15B32CBF14F92EE90006FEF9 /* logorrhea */,
				15B32CEB14F92EE90006FEF9 /* logorrheaTests */,
				15B32CB814F92EE90006FEF9 /* Frameworks */,
				15B32CB614F92EE90006FEF9 /* Products */,
			);
			sourceTree = "<group>";
		};
		15B32CB614F92EE90006FEF9 /* Products */ = {
			isa = PBXGroup;
			children = (
				15B32CB514F92EE90006FEF9 /* logorrhea.app */,
				15B32CE414F92EE90006FEF9 /* logorrheaTests.octest */,
			);
			name = Products;
			sourceTree = "<group>";
		};
		15B32CB814F92EE90006FEF9 /* Frameworks */ = {
			isa = PBXGroup;
			children = (
				156380A514F98B2100D683E0 /* Security.framework */,
				156380A214F98B1700D683E0 /* CFNetwork.framework */,
				15B32CB914F92EE90006FEF9 /* UIKit.framework */,
				15B32CBB14F92EE90006FEF9 /* Foundation.framework */,
				15B32CBD14F92EE90006FEF9 /* CoreGraphics.framework */,
				15B32CE514F92EE90006FEF9 /* SenTestingKit.framework */,
			);
			name = Frameworks;
			sourceTree = "<group>";
		};
		15B32CBF14F92EE90006FEF9 /* logorrhea */ = {
			isa = PBXGroup;
			children = (
				15A9BA6C14F9B8C500B72A35 /* SocketRocket */,
				15B32D1814F942470006FEF9 /* 28-star.png */,
				15B32D0B14F935760006FEF9 /* 53-house.png */,
				15B32D0814F9356B0006FEF9 /* 09-chat-2.png */,
				15B32CC814F92EE90006FEF9 /* AppDelegate.h */,
				15B32CC914F92EE90006FEF9 /* AppDelegate.m */,
				15B32CCB14F92EE90006FEF9 /* MainStoryboard_iPhone.storyboard */,
				15B32CCE14F92EE90006FEF9 /* MainStoryboard_iPad.storyboard */,
				15B32CD114F92EE90006FEF9 /* HomeViewController.h */,
				15B32CD214F92EE90006FEF9 /* HomeViewController.m */,
				15B32CD414F92EE90006FEF9 /* first.png */,
				15B32CD614F92EE90006FEF9 /* first@2x.png */,
				15B32CDB14F92EE90006FEF9 /* second.png */,
				15B32CDD14F92EE90006FEF9 /* second@2x.png */,
				15B32CC014F92EE90006FEF9 /* Supporting Files */,
				15B32D1314F93A7B0006FEF9 /* LoginView.h */,
				15B32D1414F93A7B0006FEF9 /* LoginView.m */,
				15DB5F1614FA445B00AA1DB1 /* ItemViewController.h */,
				15DB5F1714FA445B00AA1DB1 /* ItemViewController.m */,
				15DB5F1A14FA44D300AA1DB1 /* TableViewController.h */,
				15DB5F1B14FA44D300AA1DB1 /* TableViewController.m */,
				15DB5F2114FA486C00AA1DB1 /* DetailViewController.h */,
				15DB5F2214FA486C00AA1DB1 /* DetailViewController.m */,
				15DB5F2814FA4F7000AA1DB1 /* NewMessageView.h */,
				15DB5F2914FA4F7000AA1DB1 /* NewMessageView.m */,
			);
			path = logorrhea;
			sourceTree = "<group>";
		};
		15B32CC014F92EE90006FEF9 /* Supporting Files */ = {
			isa = PBXGroup;
			children = (
				15B32CC114F92EE90006FEF9 /* logorrhea-Info.plist */,
				15B32CC214F92EE90006FEF9 /* InfoPlist.strings */,
				15B32CC514F92EE90006FEF9 /* main.m */,
				15B32CC714F92EE90006FEF9 /* logorrhea-Prefix.pch */,
			);
			name = "Supporting Files";
			sourceTree = "<group>";
		};
		15B32CEB14F92EE90006FEF9 /* logorrheaTests */ = {
			isa = PBXGroup;
			children = (
				15B32CF114F92EE90006FEF9 /* logorrheaTests.h */,
				15B32CF214F92EE90006FEF9 /* logorrheaTests.m */,
				15B32CEC14F92EE90006FEF9 /* Supporting Files */,
			);
			path = logorrheaTests;
			sourceTree = "<group>";
		};
		15B32CEC14F92EE90006FEF9 /* Supporting Files */ = {
			isa = PBXGroup;
			children = (
				15B32CED14F92EE90006FEF9 /* logorrheaTests-Info.plist */,
				15B32CEE14F92EE90006FEF9 /* InfoPlist.strings */,
			);
			name = "Supporting Files";
			sourceTree = "<group>";
		};
/* End PBXGroup section */

/* Begin PBXNativeTarget section */
		15B32CB414F92EE80006FEF9 /* logorrhea */ = {
			isa = PBXNativeTarget;
			buildConfigurationList = 15B32CF614F92EE90006FEF9 /* Build configuration list for PBXNativeTarget "logorrhea" */;
			buildPhases = (
				15B32CB114F92EE80006FEF9 /* Sources */,
				15B32CB214F92EE80006FEF9 /* Frameworks */,
				15B32CB314F92EE80006FEF9 /* Resources */,
			);
			buildRules = (
			);
			dependencies = (
			);
			name = logorrhea;
			productName = logorrhea;
			productReference = 15B32CB514F92EE90006FEF9 /* logorrhea.app */;
			productType = "com.apple.product-type.application";
		};
		15B32CE314F92EE90006FEF9 /* logorrheaTests */ = {
			isa = PBXNativeTarget;
			buildConfigurationList = 15B32CF914F92EE90006FEF9 /* Build configuration list for PBXNativeTarget "logorrheaTests" */;
			buildPhases = (
				15B32CDF14F92EE90006FEF9 /* Sources */,
				15B32CE014F92EE90006FEF9 /* Frameworks */,
				15B32CE114F92EE90006FEF9 /* Resources */,
				15B32CE214F92EE90006FEF9 /* ShellScript */,
			);
			buildRules = (
			);
			dependencies = (
				15B32CEA14F92EE90006FEF9 /* PBXTargetDependency */,
			);
			name = logorrheaTests;
			productName = logorrheaTests;
			productReference = 15B32CE414F92EE90006FEF9 /* logorrheaTests.octest */;
			productType = "com.apple.product-type.bundle";
		};
/* End PBXNativeTarget section */

/* Begin PBXProject section */
		15B32CAC14F92EE80006FEF9 /* Project object */ = {
			isa = PBXProject;
			attributes = {
				LastUpgradeCheck = 0420;
				ORGANIZATIONNAME = ICL;
			};
			buildConfigurationList = 15B32CAF14F92EE80006FEF9 /* Build configuration list for PBXProject "logorrhea" */;
			compatibilityVersion = "Xcode 3.2";
			developmentRegion = English;
			hasScannedForEncodings = 0;
			knownRegions = (
				en,
			);
			mainGroup = 15B32CAA14F92EE80006FEF9;
			productRefGroup = 15B32CB614F92EE90006FEF9 /* Products */;
			projectDirPath = "";
			projectRoot = "";
			targets = (
				15B32CB414F92EE80006FEF9 /* logorrhea */,
				15B32CE314F92EE90006FEF9 /* logorrheaTests */,
			);
		};
/* End PBXProject section */

/* Begin PBXResourcesBuildPhase section */
		15B32CB314F92EE80006FEF9 /* Resources */ = {
			isa = PBXResourcesBuildPhase;
			buildActionMask = 2147483647;
			files = (
				15B32CC414F92EE90006FEF9 /* InfoPlist.strings in Resources */,
				15B32CCD14F92EE90006FEF9 /* MainStoryboard_iPhone.storyboard in Resources */,
				15B32CD014F92EE90006FEF9 /* MainStoryboard_iPad.storyboard in Resources */,
				15B32CD514F92EE90006FEF9 /* first.png in Resources */,
				15B32CD714F92EE90006FEF9 /* first@2x.png in Resources */,
				15B32CDC14F92EE90006FEF9 /* second.png in Resources */,
				15B32CDE14F92EE90006FEF9 /* second@2x.png in Resources */,
				15B32D0914F9356B0006FEF9 /* 09-chat-2.png in Resources */,
				15B32D0C14F935760006FEF9 /* 53-house.png in Resources */,
				15B32D1914F942470006FEF9 /* 28-star.png in Resources */,
			);
			runOnlyForDeploymentPostprocessing = 0;
		};
		15B32CE114F92EE90006FEF9 /* Resources */ = {
			isa = PBXResourcesBuildPhase;
			buildActionMask = 2147483647;
			files = (
				15B32CF014F92EE90006FEF9 /* InfoPlist.strings in Resources */,
			);
			runOnlyForDeploymentPostprocessing = 0;
		};
/* End PBXResourcesBuildPhase section */

/* Begin PBXShellScriptBuildPhase section */
		15B32CE214F92EE90006FEF9 /* ShellScript */ = {
			isa = PBXShellScriptBuildPhase;
			buildActionMask = 2147483647;
			files = (
			);
			inputPaths = (
			);
			outputPaths = (
			);
			runOnlyForDeploymentPostprocessing = 0;
			shellPath = /bin/sh;
			shellScript = "# Run the unit tests in this test bundle.\n\"${SYSTEM_DEVELOPER_DIR}/Tools/RunUnitTests\"\n";
		};
/* End PBXShellScriptBuildPhase section */

/* Begin PBXSourcesBuildPhase section */
		15B32CB114F92EE80006FEF9 /* Sources */ = {
			isa = PBXSourcesBuildPhase;
			buildActionMask = 2147483647;
			files = (
				15B32CC614F92EE90006FEF9 /* main.m in Sources */,
				15B32CCA14F92EE90006FEF9 /* AppDelegate.m in Sources */,
				15B32CD314F92EE90006FEF9 /* HomeViewController.m in Sources */,
				15B32D1614F93A7B0006FEF9 /* LoginView.m in Sources */,
				15A9BA7414F9B8C500B72A35 /* base64.c in Sources */,
				15A9BA7514F9B8C500B72A35 /* NSData+SRB64Additions.m in Sources */,
				15A9BA7614F9B8C500B72A35 /* SRWebSocket.m in Sources */,
				15B1384014F9C3CD00592D6A /* NSObject+SBJson.m in Sources */,
				15B1384114F9C3CD00592D6A /* SBJsonParser.m in Sources */,
				15B1384214F9C3CD00592D6A /* SBJsonStreamParser.m in Sources */,
				15B1384314F9C3CD00592D6A /* SBJsonStreamParserAccumulator.m in Sources */,
				15B1384414F9C3CD00592D6A /* SBJsonStreamParserAdapter.m in Sources */,
				15B1384514F9C3CD00592D6A /* SBJsonStreamParserState.m in Sources */,
				15B1384614F9C3CD00592D6A /* SBJsonStreamWriter.m in Sources */,
				15B1384714F9C3CD00592D6A /* SBJsonStreamWriterAccumulator.m in Sources */,
				15B1384814F9C3CD00592D6A /* SBJsonStreamWriterState.m in Sources */,
				15B1384914F9C3CD00592D6A /* SBJsonTokeniser.m in Sources */,
				15B1384A14F9C3CD00592D6A /* SBJsonUTF8Stream.m in Sources */,
				15B1384B14F9C3CD00592D6A /* SBJsonWriter.m in Sources */,
				15DB5F1814FA445B00AA1DB1 /* ItemViewController.m in Sources */,
				15DB5F1C14FA44D300AA1DB1 /* TableViewController.m in Sources */,
				15DB5F2314FA486C00AA1DB1 /* DetailViewController.m in Sources */,
				15DB5F2A14FA4F7000AA1DB1 /* NewMessageView.m in Sources */,
			);
			runOnlyForDeploymentPostprocessing = 0;
		};
		15B32CDF14F92EE90006FEF9 /* Sources */ = {
			isa = PBXSourcesBuildPhase;
			buildActionMask = 2147483647;
			files = (
				15B32CF314F92EE90006FEF9 /* logorrheaTests.m in Sources */,
			);
			runOnlyForDeploymentPostprocessing = 0;
		};
/* End PBXSourcesBuildPhase section */

/* Begin PBXTargetDependency section */
		15B32CEA14F92EE90006FEF9 /* PBXTargetDependency */ = {
			isa = PBXTargetDependency;
			target = 15B32CB414F92EE80006FEF9 /* logorrhea */;
			targetProxy = 15B32CE914F92EE90006FEF9 /* PBXContainerItemProxy */;
		};
/* End PBXTargetDependency section */

/* Begin PBXVariantGroup section */
		15B32CC214F92EE90006FEF9 /* InfoPlist.strings */ = {
			isa = PBXVariantGroup;
			children = (
				15B32CC314F92EE90006FEF9 /* en */,
			);
			name = InfoPlist.strings;
			sourceTree = "<group>";
		};
		15B32CCB14F92EE90006FEF9 /* MainStoryboard_iPhone.storyboard */ = {
			isa = PBXVariantGroup;
			children = (
				15B32CCC14F92EE90006FEF9 /* en */,
			);
			name = MainStoryboard_iPhone.storyboard;
			sourceTree = "<group>";
		};
		15B32CCE14F92EE90006FEF9 /* MainStoryboard_iPad.storyboard */ = {
			isa = PBXVariantGroup;
			children = (
				15B32CCF14F92EE90006FEF9 /* en */,
			);
			name = MainStoryboard_iPad.storyboard;
			sourceTree = "<group>";
		};
		15B32CEE14F92EE90006FEF9 /* InfoPlist.strings */ = {
			isa = PBXVariantGroup;
			children = (
				15B32CEF14F92EE90006FEF9 /* en */,
			);
			name = InfoPlist.strings;
			sourceTree = "<group>";
		};
/* End PBXVariantGroup section */

/* Begin XCBuildConfiguration section */
		15B32CF414F92EE90006FEF9 /* Debug */ = {
			isa = XCBuildConfiguration;
			buildSettings = {
				ALWAYS_SEARCH_USER_PATHS = NO;
				ARCHS = "$(ARCHS_STANDARD_32_BIT)";
				CLANG_ENABLE_OBJC_ARC = YES;
				"CODE_SIGN_IDENTITY[sdk=iphoneos*]" = "iPhone Developer";
				COPY_PHASE_STRIP = NO;
				GCC_C_LANGUAGE_STANDARD = gnu99;
				GCC_DYNAMIC_NO_PIC = NO;
				GCC_OPTIMIZATION_LEVEL = 0;
				GCC_PREPROCESSOR_DEFINITIONS = (
					"DEBUG=1",
					"$(inherited)",
				);
				GCC_SYMBOLS_PRIVATE_EXTERN = NO;
				GCC_VERSION = com.apple.compilers.llvm.clang.1_0;
				GCC_WARN_ABOUT_MISSING_PROTOTYPES = YES;
				GCC_WARN_ABOUT_RETURN_TYPE = YES;
				GCC_WARN_UNUSED_VARIABLE = YES;
				IPHONEOS_DEPLOYMENT_TARGET = 5.0;
				SDKROOT = iphoneos;
				TARGETED_DEVICE_FAMILY = "1,2";
			};
			name = Debug;
		};
		15B32CF514F92EE90006FEF9 /* Release */ = {
			isa = XCBuildConfiguration;
			buildSettings = {
				ALWAYS_SEARCH_USER_PATHS = NO;
				ARCHS = "$(ARCHS_STANDARD_32_BIT)";
				CLANG_ENABLE_OBJC_ARC = YES;
				"CODE_SIGN_IDENTITY[sdk=iphoneos*]" = "iPhone Developer";
				COPY_PHASE_STRIP = YES;
				GCC_C_LANGUAGE_STANDARD = gnu99;
				GCC_VERSION = com.apple.compilers.llvm.clang.1_0;
				GCC_WARN_ABOUT_MISSING_PROTOTYPES = YES;
				GCC_WARN_ABOUT_RETURN_TYPE = YES;
				GCC_WARN_UNUSED_VARIABLE = YES;
				IPHONEOS_DEPLOYMENT_TARGET = 5.0;
				OTHER_CFLAGS = "-DNS_BLOCK_ASSERTIONS=1";
				SDKROOT = iphoneos;
				TARGETED_DEVICE_FAMILY = "1,2";
				VALIDATE_PRODUCT = YES;
			};
			name = Release;
		};
		15B32CF714F92EE90006FEF9 /* Debug */ = {
			isa = XCBuildConfiguration;
			buildSettings = {
				CLANG_ENABLE_OBJC_ARC = YES;
				COPY_PHASE_STRIP = NO;
				GCC_PRECOMPILE_PREFIX_HEADER = YES;
				GCC_PREFIX_HEADER = "logorrhea/logorrhea-Prefix.pch";
				"HEADER_SEARCH_PATHS[arch=*]" = "\"/Users/aif/Desktop/UnittWebSocketClient/include\"";
				INFOPLIST_FILE = "logorrhea/logorrhea-Info.plist";
				LIBRARY_SEARCH_PATHS = (
					"$(inherited)",
					"\"$(SRCROOT)/logorrhea/UnittWebSocketClient/bin/Release-iphonesimulator\"",
					"\"$(SRCROOT)/logorrhea/UnittWebSocketClient/bin/Debug-iphonesimulator\"",
					"\"$(SRCROOT)/../../../UnittWebSocketClient/bin/Debug-iphonesimulator\"",
					"\"$(SRCROOT)/../../../UnittWebSocketClient/bin/Release-iphonesimulator\"",
				);
				"LIBRARY_SEARCH_PATHS[arch=*]" = (
					"$(inherited)",
					"\"$(SRCROOT)/logorrhea/UnittWebSocketClient/bin/Release-iphonesimulator\"",
					"\"$(SRCROOT)/logorrhea/UnittWebSocketClient/bin/Debug-iphonesimulator\"",
					"\"$(SRCROOT)/../../../UnittWebSocketClient/bin/Debug-iphonesimulator\"",
					"\"$(SRCROOT)/../../../UnittWebSocketClient/bin/Release-iphonesimulator\"",
				);
				"OTHER_CFLAGS[arch=*]" = "-g";
				"OTHER_CPLUSPLUSFLAGS[arch=*]" = "-g";
				PRODUCT_NAME = "$(TARGET_NAME)";
				REZ_SEARCH_PATHS = "$(inherited)";
				USER_HEADER_SEARCH_PATHS = "";
				WRAPPER_EXTENSION = app;
			};
			name = Debug;
		};
		15B32CF814F92EE90006FEF9 /* Release */ = {
			isa = XCBuildConfiguration;
			buildSettings = {
				CLANG_ENABLE_OBJC_ARC = YES;
				GCC_PRECOMPILE_PREFIX_HEADER = YES;
				GCC_PREFIX_HEADER = "logorrhea/logorrhea-Prefix.pch";
				"HEADER_SEARCH_PATHS[arch=*]" = (
					"$(inherited)",
					"\"/Users/aif/Desktop/UnittWebSocketClient/include\"",
				);
				INFOPLIST_FILE = "logorrhea/logorrhea-Info.plist";
				LIBRARY_SEARCH_PATHS = (
					"$(inherited)",
					"\"$(SRCROOT)/../../../UnittWebSocketClient/bin/Debug-iphonesimulator\"",
					"\"$(SRCROOT)/../../../UnittWebSocketClient/bin/Release-iphonesimulator\"",
				);
				"LIBRARY_SEARCH_PATHS[arch=*]" = "$(inherited)";
				OTHER_CFLAGS = (
					"-all_load",
					"-DNS_BLOCK_ASSERTIONS=1",
				);
				PRODUCT_NAME = "$(TARGET_NAME)";
				REZ_SEARCH_PATHS = "$(inherited)";
				USER_HEADER_SEARCH_PATHS = "";
				WRAPPER_EXTENSION = app;
			};
			name = Release;
		};
		15B32CFA14F92EE90006FEF9 /* Debug */ = {
			isa = XCBuildConfiguration;
			buildSettings = {
				BUNDLE_LOADER = "$(BUILT_PRODUCTS_DIR)/logorrhea.app/logorrhea";
				FRAMEWORK_SEARCH_PATHS = (
					"$(SDKROOT)/Developer/Library/Frameworks",
					"$(DEVELOPER_LIBRARY_DIR)/Frameworks",
				);
				GCC_PRECOMPILE_PREFIX_HEADER = YES;
				GCC_PREFIX_HEADER = "logorrhea/logorrhea-Prefix.pch";
				INFOPLIST_FILE = "logorrheaTests/logorrheaTests-Info.plist";
				PRODUCT_NAME = "$(TARGET_NAME)";
				TEST_HOST = "$(BUNDLE_LOADER)";
				WRAPPER_EXTENSION = octest;
			};
			name = Debug;
		};
		15B32CFB14F92EE90006FEF9 /* Release */ = {
			isa = XCBuildConfiguration;
			buildSettings = {
				BUNDLE_LOADER = "$(BUILT_PRODUCTS_DIR)/logorrhea.app/logorrhea";
				FRAMEWORK_SEARCH_PATHS = (
					"$(SDKROOT)/Developer/Library/Frameworks",
					"$(DEVELOPER_LIBRARY_DIR)/Frameworks",
				);
				GCC_PRECOMPILE_PREFIX_HEADER = YES;
				GCC_PREFIX_HEADER = "logorrhea/logorrhea-Prefix.pch";
				INFOPLIST_FILE = "logorrheaTests/logorrheaTests-Info.plist";
				PRODUCT_NAME = "$(TARGET_NAME)";
				TEST_HOST = "$(BUNDLE_LOADER)";
				WRAPPER_EXTENSION = octest;
			};
			name = Release;
		};
/* End XCBuildConfiguration section */

/* Begin XCConfigurationList section */
		15B32CAF14F92EE80006FEF9 /* Build configuration list for PBXProject "logorrhea" */ = {
			isa = XCConfigurationList;
			buildConfigurations = (
				15B32CF414F92EE90006FEF9 /* Debug */,
				15B32CF514F92EE90006FEF9 /* Release */,
			);
			defaultConfigurationIsVisible = 0;
			defaultConfigurationName = Release;
		};
		15B32CF614F92EE90006FEF9 /* Build configuration list for PBXNativeTarget "logorrhea" */ = {
			isa = XCConfigurationList;
			buildConfigurations = (
				15B32CF714F92EE90006FEF9 /* Debug */,
				15B32CF814F92EE90006FEF9 /* Release */,
			);
			defaultConfigurationIsVisible = 0;
			defaultConfigurationName = Release;
		};
		15B32CF914F92EE90006FEF9 /* Build configuration list for PBXNativeTarget "logorrheaTests" */ = {
			isa = XCConfigurationList;
			buildConfigurations = (
				15B32CFA14F92EE90006FEF9 /* Debug */,
				15B32CFB14F92EE90006FEF9 /* Release */,
			);
			defaultConfigurationIsVisible = 0;
			defaultConfigurationName = Release;
		};
/* End XCConfigurationList section */
	};
	rootObject = 15B32CAC14F92EE80006FEF9 /* Project object */;
}
